PODS:
  - MarqueeLabel (2.0.0)
  - PureLayout (1.0.1)

DEPENDENCIES:
  - MarqueeLabel (from `https://github.com/hons82/MarqueeLabel.git`)
  - PureLayout

EXTERNAL SOURCES:
  MarqueeLabel:
    :git: https://github.com/hons82/MarqueeLabel.git

SPEC CHECKSUMS:
  MarqueeLabel: 90c0c439116f0acde4699e89beb2ea814e191249
  PureLayout: 972964b21dbcbc5cc36785aed16aba03176f057d

COCOAPODS: 0.33.1
