// !$*UTF8*$!
{
	archiveVersion = 1;
	classes = {
	};
	objectVersion = 46;
	objects = {

/* Begin PBXBuildFile section */
		9918742A19A204D0007F3739 /* Foundation.framework in Frameworks */ = {isa = PBXBuildFile; fileRef = 9918742919A204D0007F3739 /* Foundation.framework */; };
		9918742C19A204D0007F3739 /* CoreGraphics.framework in Frameworks */ = {isa = PBXBuildFile; fileRef = 9918742B19A204D0007F3739 /* CoreGraphics.framework */; };
		9918742E19A204D0007F3739 /* UIKit.framework in Frameworks */ = {isa = PBXBuildFile; fileRef = 9918742D19A204D0007F3739 /* UIKit.framework */; };
		9918743419A204D0007F3739 /* InfoPlist.strings in Resources */ = {isa = PBXBuildFile; fileRef = 9918743219A204D0007F3739 /* InfoPlist.strings */; };
		9918743619A204D0007F3739 /* main.m in Sources */ = {isa = PBXBuildFile; fileRef = 9918743519A204D0007F3739 /* main.m */; };
		9918743A19A204D0007F3739 /* AppDelegate.m in Sources */ = {isa = PBXBuildFile; fileRef = 9918743919A204D0007F3739 /* AppDelegate.m */; };
		9918743D19A204D0007F3739 /* Main.storyboard in Resources */ = {isa = PBXBuildFile; fileRef = 9918743B19A204D0007F3739 /* Main.storyboard */; };
		9918744019A204D0007F3739 /* ViewController.m in Sources */ = {isa = PBXBuildFile; fileRef = 9918743F19A204D0007F3739 /* ViewController.m */; };
		9918744219A204D0007F3739 /* Images.xcassets in Resources */ = {isa = PBXBuildFile; fileRef = 9918744119A204D0007F3739 /* Images.xcassets */; };
		9918744919A204D0007F3739 /* XCTest.framework in Frameworks */ = {isa = PBXBuildFile; fileRef = 9918744819A204D0007F3739 /* XCTest.framework */; };
		9918744A19A204D0007F3739 /* Foundation.framework in Frameworks */ = {isa = PBXBuildFile; fileRef = 9918742919A204D0007F3739 /* Foundation.framework */; };
		9918744B19A204D0007F3739 /* UIKit.framework in Frameworks */ = {isa = PBXBuildFile; fileRef = 9918742D19A204D0007F3739 /* UIKit.framework */; };
		9918745319A204D0007F3739 /* InfoPlist.strings in Resources */ = {isa = PBXBuildFile; fileRef = 9918745119A204D0007F3739 /* InfoPlist.strings */; };
		9918745519A204D0007F3739 /* THDottedKeyValueLabelExampleTests.m in Sources */ = {isa = PBXBuildFile; fileRef = 9918745419A204D0007F3739 /* THDottedKeyValueLabelExampleTests.m */; };
/* End PBXBuildFile section */

/* Begin PBXContainerItemProxy section */
		9918744C19A204D0007F3739 /* PBXContainerItemProxy */ = {
			isa = PBXContainerItemProxy;
			containerPortal = 9918741E19A204D0007F3739 /* Project object */;
			proxyType = 1;
			remoteGlobalIDString = 9918742519A204D0007F3739;
			remoteInfo = THDottedKeyValueLabelExample;
		};
/* End PBXContainerItemProxy section */

/* Begin PBXFileReference section */
		9918742619A204D0007F3739 /* THDottedKeyValueLabelExample.app */ = {isa = PBXFileReference; explicitFileType = wrapper.application; includeInIndex = 0; path = THDottedKeyValueLabelExample.app; sourceTree = BUILT_PRODUCTS_DIR; };
		9918742919A204D0007F3739 /* Foundation.framework */ = {isa = PBXFileReference; lastKnownFileType = wrapper.framework; name = Foundation.framework; path = System/Library/Frameworks/Foundation.framework; sourceTree = SDKROOT; };
		9918742B19A204D0007F3739 /* CoreGraphics.framework */ = {isa = PBXFileReference; lastKnownFileType = wrapper.framework; name = CoreGraphics.framework; path = System/Library/Frameworks/CoreGraphics.framework; sourceTree = SDKROOT; };
		9918742D19A204D0007F3739 /* UIKit.framework */ = {isa = PBXFileReference; lastKnownFileType = wrapper.framework; name = UIKit.framework; path = System/Library/Frameworks/UIKit.framework; sourceTree = SDKROOT; };
		9918743119A204D0007F3739 /* THDottedKeyValueLabelExample-Info.plist */ = {isa = PBXFileReference; lastKnownFileType = text.plist.xml; path = "THDottedKeyValueLabelExample-Info.plist"; sourceTree = "<group>"; };
		9918743319A204D0007F3739 /* en */ = {isa = PBXFileReference; lastKnownFileType = text.plist.strings; name = en; path = en.lproj/InfoPlist.strings; sourceTree = "<group>"; };
		9918743519A204D0007F3739 /* main.m */ = {isa = PBXFileReference; lastKnownFileType = sourcecode.c.objc; path = main.m; sourceTree = "<group>"; };
		9918743719A204D0007F3739 /* THDottedKeyValueLabelExample-Prefix.pch */ = {isa = PBXFileReference; lastKnownFileType = sourcecode.c.h; path = "THDottedKeyValueLabelExample-Prefix.pch"; sourceTree = "<group>"; };
		9918743819A204D0007F3739 /* AppDelegate.h */ = {isa = PBXFileReference; lastKnownFileType = sourcecode.c.h; path = AppDelegate.h; sourceTree = "<group>"; };
		9918743919A204D0007F3739 /* AppDelegate.m */ = {isa = PBXFileReference; lastKnownFileType = sourcecode.c.objc; path = AppDelegate.m; sourceTree = "<group>"; };
		9918743C19A204D0007F3739 /* Base */ = {isa = PBXFileReference; lastKnownFileType = file.storyboard; name = Base; path = Base.lproj/Main.storyboard; sourceTree = "<group>"; };
		9918743E19A204D0007F3739 /* ViewController.h */ = {isa = PBXFileReference; lastKnownFileType = sourcecode.c.h; path = ViewController.h; sourceTree = "<group>"; };
		9918743F19A204D0007F3739 /* ViewController.m */ = {isa = PBXFileReference; lastKnownFileType = sourcecode.c.objc; path = ViewController.m; sourceTree = "<group>"; };
		9918744119A204D0007F3739 /* Images.xcassets */ = {isa = PBXFileReference; lastKnownFileType = folder.assetcatalog; path = Images.xcassets; sourceTree = "<group>"; };
		9918744719A204D0007F3739 /* THDottedKeyValueLabelExampleTests.xctest */ = {isa = PBXFileReference; explicitFileType = wrapper.cfbundle; includeInIndex = 0; path = THDottedKeyValueLabelExampleTests.xctest; sourceTree = BUILT_PRODUCTS_DIR; };
		9918744819A204D0007F3739 /* XCTest.framework */ = {isa = PBXFileReference; lastKnownFileType = wrapper.framework; name = XCTest.framework; path = Library/Frameworks/XCTest.framework; sourceTree = DEVELOPER_DIR; };
		9918745019A204D0007F3739 /* THDottedKeyValueLabelExampleTests-Info.plist */ = {isa = PBXFileReference; lastKnownFileType = text.plist.xml; path = "THDottedKeyValueLabelExampleTests-Info.plist"; sourceTree = "<group>"; };
		9918745219A204D0007F3739 /* en */ = {isa = PBXFileReference; lastKnownFileType = text.plist.strings; name = en; path = en.lproj/InfoPlist.strings; sourceTree = "<group>"; };
		9918745419A204D0007F3739 /* THDottedKeyValueLabelExampleTests.m */ = {isa = PBXFileReference; lastKnownFileType = sourcecode.c.objc; path = THDottedKeyValueLabelExampleTests.m; sourceTree = "<group>"; };
/* End PBXFileReference section */

/* Begin PBXFrameworksBuildPhase section */
		9918742319A204D0007F3739 /* Frameworks */ = {
			isa = PBXFrameworksBuildPhase;
			buildActionMask = 2147483647;
			files = (
				9918742C19A204D0007F3739 /* CoreGraphics.framework in Frameworks */,
				9918742E19A204D0007F3739 /* UIKit.framework in Frameworks */,
				9918742A19A204D0007F3739 /* Foundation.framework in Frameworks */,
			);
			runOnlyForDeploymentPostprocessing = 0;
		};
		9918744419A204D0007F3739 /* Frameworks */ = {
			isa = PBXFrameworksBuildPhase;
			buildActionMask = 2147483647;
			files = (
				9918744919A204D0007F3739 /* XCTest.framework in Frameworks */,
				9918744B19A204D0007F3739 /* UIKit.framework in Frameworks */,
				9918744A19A204D0007F3739 /* Foundation.framework in Frameworks */,
			);
			runOnlyForDeploymentPostprocessing = 0;
		};
/* End PBXFrameworksBuildPhase section */

/* Begin PBXGroup section */
		9918741D19A204D0007F3739 = {
			isa = PBXGroup;
			children = (
				9918742F19A204D0007F3739 /* THDottedKeyValueLabelExample */,
				9918744E19A204D0007F3739 /* THDottedKeyValueLabelExampleTests */,
				9918742819A204D0007F3739 /* Frameworks */,
				9918742719A204D0007F3739 /* Products */,
			);
			sourceTree = "<group>";
		};
		9918742719A204D0007F3739 /* Products */ = {
			isa = PBXGroup;
			children = (
				9918742619A204D0007F3739 /* THDottedKeyValueLabelExample.app */,
				9918744719A204D0007F3739 /* THDottedKeyValueLabelExampleTests.xctest */,
			);
			name = Products;
			sourceTree = "<group>";
		};
		9918742819A204D0007F3739 /* Frameworks */ = {
			isa = PBXGroup;
			children = (
				9918742919A204D0007F3739 /* Foundation.framework */,
				9918742B19A204D0007F3739 /* CoreGraphics.framework */,
				9918742D19A204D0007F3739 /* UIKit.framework */,
				9918744819A204D0007F3739 /* XCTest.framework */,
			);
			name = Frameworks;
			sourceTree = "<group>";
		};
		9918742F19A204D0007F3739 /* THDottedKeyValueLabelExample */ = {
			isa = PBXGroup;
			children = (
				9918743819A204D0007F3739 /* AppDelegate.h */,
				9918743919A204D0007F3739 /* AppDelegate.m */,
				9918743B19A204D0007F3739 /* Main.storyboard */,
				9918743E19A204D0007F3739 /* ViewController.h */,
				9918743F19A204D0007F3739 /* ViewController.m */,
				9918744119A204D0007F3739 /* Images.xcassets */,
				9918743019A204D0007F3739 /* Supporting Files */,
			);
			path = THDottedKeyValueLabelExample;
			sourceTree = "<group>";
		};
		9918743019A204D0007F3739 /* Supporting Files */ = {
			isa = PBXGroup;
			children = (
				9918743119A204D0007F3739 /* THDottedKeyValueLabelExample-Info.plist */,
				9918743219A204D0007F3739 /* InfoPlist.strings */,
				9918743519A204D0007F3739 /* main.m */,
				9918743719A204D0007F3739 /* THDottedKeyValueLabelExample-Prefix.pch */,
			);
			name = "Supporting Files";
			sourceTree = "<group>";
		};
		9918744E19A204D0007F3739 /* THDottedKeyValueLabelExampleTests */ = {
			isa = PBXGroup;
			children = (
				9918745419A204D0007F3739 /* THDottedKeyValueLabelExampleTests.m */,
				9918744F19A204D0007F3739 /* Supporting Files */,
			);
			path = THDottedKeyValueLabelExampleTests;
			sourceTree = "<group>";
		};
		9918744F19A204D0007F3739 /* Supporting Files */ = {
			isa = PBXGroup;
			children = (
				9918745019A204D0007F3739 /* THDottedKeyValueLabelExampleTests-Info.plist */,
				9918745119A204D0007F3739 /* InfoPlist.strings */,
			);
			name = "Supporting Files";
			sourceTree = "<group>";
		};
/* End PBXGroup section */

/* Begin PBXNativeTarget section */
		9918742519A204D0007F3739 /* THDottedKeyValueLabelExample */ = {
			isa = PBXNativeTarget;
			buildConfigurationList = 9918745819A204D0007F3739 /* Build configuration list for PBXNativeTarget "THDottedKeyValueLabelExample" */;
			buildPhases = (
				9918742219A204D0007F3739 /* Sources */,
				9918742319A204D0007F3739 /* Frameworks */,
				9918742419A204D0007F3739 /* Resources */,
			);
			buildRules = (
			);
			dependencies = (
			);
			name = THDottedKeyValueLabelExample;
			productName = THDottedKeyValueLabelExample;
			productReference = 9918742619A204D0007F3739 /* THDottedKeyValueLabelExample.app */;
			productType = "com.apple.product-type.application";
		};
		9918744619A204D0007F3739 /* THDottedKeyValueLabelExampleTests */ = {
			isa = PBXNativeTarget;
			buildConfigurationList = 9918745B19A204D0007F3739 /* Build configuration list for PBXNativeTarget "THDottedKeyValueLabelExampleTests" */;
			buildPhases = (
				9918744319A204D0007F3739 /* Sources */,
				9918744419A204D0007F3739 /* Frameworks */,
				9918744519A204D0007F3739 /* Resources */,
			);
			buildRules = (
			);
			dependencies = (
				9918744D19A204D0007F3739 /* PBXTargetDependency */,
			);
			name = THDottedKeyValueLabelExampleTests;
			productName = THDottedKeyValueLabelExampleTests;
			productReference = 9918744719A204D0007F3739 /* THDottedKeyValueLabelExampleTests.xctest */;
			productType = "com.apple.product-type.bundle.unit-test";
		};
/* End PBXNativeTarget section */

/* Begin PBXProject section */
		9918741E19A204D0007F3739 /* Project object */ = {
			isa = PBXProject;
			attributes = {
				LastUpgradeCheck = 0510;
				ORGANIZATIONNAME = 3Bus;
				TargetAttributes = {
					9918744619A204D0007F3739 = {
						TestTargetID = 9918742519A204D0007F3739;
					};
				};
			};
			buildConfigurationList = 9918742119A204D0007F3739 /* Build configuration list for PBXProject "THDottedKeyValueLabelExample" */;
			compatibilityVersion = "Xcode 3.2";
			developmentRegion = English;
			hasScannedForEncodings = 0;
			knownRegions = (
				en,
				Base,
			);
			mainGroup = 9918741D19A204D0007F3739;
			productRefGroup = 9918742719A204D0007F3739 /* Products */;
			projectDirPath = "";
			projectRoot = "";
			targets = (
				9918742519A204D0007F3739 /* THDottedKeyValueLabelExample */,
				9918744619A204D0007F3739 /* THDottedKeyValueLabelExampleTests */,
			);
		};
/* End PBXProject section */

/* Begin PBXResourcesBuildPhase section */
		9918742419A204D0007F3739 /* Resources */ = {
			isa = PBXResourcesBuildPhase;
			buildActionMask = 2147483647;
			files = (
				9918744219A204D0007F3739 /* Images.xcassets in Resources */,
				9918743419A204D0007F3739 /* InfoPlist.strings in Resources */,
				9918743D19A204D0007F3739 /* Main.storyboard in Resources */,
			);
			runOnlyForDeploymentPostprocessing = 0;
		};
		9918744519A204D0007F3739 /* Resources */ = {
			isa = PBXResourcesBuildPhase;
			buildActionMask = 2147483647;
			files = (
				9918745319A204D0007F3739 /* InfoPlist.strings in Resources */,
			);
			runOnlyForDeploymentPostprocessing = 0;
		};
/* End PBXResourcesBuildPhase section */

/* Begin PBXSourcesBuildPhase section */
		9918742219A204D0007F3739 /* Sources */ = {
			isa = PBXSourcesBuildPhase;
			buildActionMask = 2147483647;
			files = (
				9918744019A204D0007F3739 /* ViewController.m in Sources */,
				9918743A19A204D0007F3739 /* AppDelegate.m in Sources */,
				9918743619A204D0007F3739 /* main.m in Sources */,
			);
			runOnlyForDeploymentPostprocessing = 0;
		};
		9918744319A204D0007F3739 /* Sources */ = {
			isa = PBXSourcesBuildPhase;
			buildActionMask = 2147483647;
			files = (
				9918745519A204D0007F3739 /* THDottedKeyValueLabelExampleTests.m in Sources */,
			);
			runOnlyForDeploymentPostprocessing = 0;
		};
/* End PBXSourcesBuildPhase section */

/* Begin PBXTargetDependency section */
		9918744D19A204D0007F3739 /* PBXTargetDependency */ = {
			isa = PBXTargetDependency;
			target = 9918742519A204D0007F3739 /* THDottedKeyValueLabelExample */;
			targetProxy = 9918744C19A204D0007F3739 /* PBXContainerItemProxy */;
		};
/* End PBXTargetDependency section */

/* Begin PBXVariantGroup section */
		9918743219A204D0007F3739 /* InfoPlist.strings */ = {
			isa = PBXVariantGroup;
			children = (
				9918743319A204D0007F3739 /* en */,
			);
			name = InfoPlist.strings;
			sourceTree = "<group>";
		};
		9918743B19A204D0007F3739 /* Main.storyboard */ = {
			isa = PBXVariantGroup;
			children = (
				9918743C19A204D0007F3739 /* Base */,
			);
			name = Main.storyboard;
			sourceTree = "<group>";
		};
		9918745119A204D0007F3739 /* InfoPlist.strings */ = {
			isa = PBXVariantGroup;
			children = (
				9918745219A204D0007F3739 /* en */,
			);
			name = InfoPlist.strings;
			sourceTree = "<group>";
		};
/* End PBXVariantGroup section */

/* Begin XCBuildConfiguration section */
		9918745619A204D0007F3739 /* Debug */ = {
			isa = XCBuildConfiguration;
			buildSettings = {
				ALWAYS_SEARCH_USER_PATHS = NO;
				CLANG_CXX_LANGUAGE_STANDARD = "gnu++0x";
				CLANG_CXX_LIBRARY = "libc++";
				CLANG_ENABLE_MODULES = YES;
				CLANG_ENABLE_OBJC_ARC = YES;
				CLANG_WARN_BOOL_CONVERSION = YES;
				CLANG_WARN_CONSTANT_CONVERSION = YES;
				CLANG_WARN_DIRECT_OBJC_ISA_USAGE = YES_ERROR;
				CLANG_WARN_EMPTY_BODY = YES;
				CLANG_WARN_ENUM_CONVERSION = YES;
				CLANG_WARN_INT_CONVERSION = YES;
				CLANG_WARN_OBJC_ROOT_CLASS = YES_ERROR;
				CLANG_WARN__DUPLICATE_METHOD_MATCH = YES;
				"CODE_SIGN_IDENTITY[sdk=iphoneos*]" = "iPhone Developer";
				COPY_PHASE_STRIP = NO;
				GCC_C_LANGUAGE_STANDARD = gnu99;
				GCC_DYNAMIC_NO_PIC = NO;
				GCC_OPTIMIZATION_LEVEL = 0;
				GCC_PREPROCESSOR_DEFINITIONS = (
					"DEBUG=1",
					"$(inherited)",
				);
				GCC_SYMBOLS_PRIVATE_EXTERN = NO;
				GCC_WARN_64_TO_32_BIT_CONVERSION = YES;
				GCC_WARN_ABOUT_RETURN_TYPE = YES_ERROR;
				GCC_WARN_UNDECLARED_SELECTOR = YES;
				GCC_WARN_UNINITIALIZED_AUTOS = YES_AGGRESSIVE;
				GCC_WARN_UNUSED_FUNCTION = YES;
				GCC_WARN_UNUSED_VARIABLE = YES;
				IPHONEOS_DEPLOYMENT_TARGET = 7.1;
				ONLY_ACTIVE_ARCH = YES;
				SDKROOT = iphoneos;
			};
			name = Debug;
		};
		9918745719A204D0007F3739 /* Release */ = {
			isa = XCBuildConfiguration;
			buildSettings = {
				ALWAYS_SEARCH_USER_PATHS = NO;
				CLANG_CXX_LANGUAGE_STANDARD = "gnu++0x";
				CLANG_CXX_LIBRARY = "libc++";
				CLANG_ENABLE_MODULES = YES;
				CLANG_ENABLE_OBJC_ARC = YES;
				CLANG_WARN_BOOL_CONVERSION = YES;
				CLANG_WARN_CONSTANT_CONVERSION = YES;
				CLANG_WARN_DIRECT_OBJC_ISA_USAGE = YES_ERROR;
				CLANG_WARN_EMPTY_BODY = YES;
				CLANG_WARN_ENUM_CONVERSION = YES;
				CLANG_WARN_INT_CONVERSION = YES;
				CLANG_WARN_OBJC_ROOT_CLASS = YES_ERROR;
				CLANG_WARN__DUPLICATE_METHOD_MATCH = YES;
				"CODE_SIGN_IDENTITY[sdk=iphoneos*]" = "iPhone Developer";
				COPY_PHASE_STRIP = YES;
				ENABLE_NS_ASSERTIONS = NO;
				GCC_C_LANGUAGE_STANDARD = gnu99;
				GCC_WARN_64_TO_32_BIT_CONVERSION = YES;
				GCC_WARN_ABOUT_RETURN_TYPE = YES_ERROR;
				GCC_WARN_UNDECLARED_SELECTOR = YES;
				GCC_WARN_UNINITIALIZED_AUTOS = YES_AGGRESSIVE;
				GCC_WARN_UNUSED_FUNCTION = YES;
				GCC_WARN_UNUSED_VARIABLE = YES;
				IPHONEOS_DEPLOYMENT_TARGET = 7.1;
				SDKROOT = iphoneos;
				VALIDATE_PRODUCT = YES;
			};
			name = Release;
		};
		9918745919A204D0007F3739 /* Debug */ = {
			isa = XCBuildConfiguration;
			buildSettings = {
				ASSETCATALOG_COMPILER_APPICON_NAME = AppIcon;
				ASSETCATALOG_COMPILER_LAUNCHIMAGE_NAME = LaunchImage;
				GCC_PRECOMPILE_PREFIX_HEADER = YES;
				GCC_PREFIX_HEADER = "THDottedKeyValueLabelExample/THDottedKeyValueLabelExample-Prefix.pch";
				INFOPLIST_FILE = "THDottedKeyValueLabelExample/THDottedKeyValueLabelExample-Info.plist";
				PRODUCT_NAME = "$(TARGET_NAME)";
				WRAPPER_EXTENSION = app;
			};
			name = Debug;
		};
		9918745A19A204D0007F3739 /* Release */ = {
			isa = XCBuildConfiguration;
			buildSettings = {
				ASSETCATALOG_COMPILER_APPICON_NAME = AppIcon;
				ASSETCATALOG_COMPILER_LAUNCHIMAGE_NAME = LaunchImage;
				GCC_PRECOMPILE_PREFIX_HEADER = YES;
				GCC_PREFIX_HEADER = "THDottedKeyValueLabelExample/THDottedKeyValueLabelExample-Prefix.pch";
				INFOPLIST_FILE = "THDottedKeyValueLabelExample/THDottedKeyValueLabelExample-Info.plist";
				PRODUCT_NAME = "$(TARGET_NAME)";
				WRAPPER_EXTENSION = app;
			};
			name = Release;
		};
		9918745C19A204D0007F3739 /* Debug */ = {
			isa = XCBuildConfiguration;
			buildSettings = {
				BUNDLE_LOADER = "$(BUILT_PRODUCTS_DIR)/THDottedKeyValueLabelExample.app/THDottedKeyValueLabelExample";
				FRAMEWORK_SEARCH_PATHS = (
					"$(SDKROOT)/Developer/Library/Frameworks",
					"$(inherited)",
					"$(DEVELOPER_FRAMEWORKS_DIR)",
				);
				GCC_PRECOMPILE_PREFIX_HEADER = YES;
				GCC_PREFIX_HEADER = "THDottedKeyValueLabelExample/THDottedKeyValueLabelExample-Prefix.pch";
				GCC_PREPROCESSOR_DEFINITIONS = (
					"DEBUG=1",
					"$(inherited)",
				);
				INFOPLIST_FILE = "THDottedKeyValueLabelExampleTests/THDottedKeyValueLabelExampleTests-Info.plist";
				PRODUCT_NAME = "$(TARGET_NAME)";
				TEST_HOST = "$(BUNDLE_LOADER)";
				WRAPPER_EXTENSION = xctest;
			};
			name = Debug;
		};
		9918745D19A204D0007F3739 /* Release */ = {
			isa = XCBuildConfiguration;
			buildSettings = {
				BUNDLE_LOADER = "$(BUILT_PRODUCTS_DIR)/THDottedKeyValueLabelExample.app/THDottedKeyValueLabelExample";
				FRAMEWORK_SEARCH_PATHS = (
					"$(SDKROOT)/Developer/Library/Frameworks",
					"$(inherited)",
					"$(DEVELOPER_FRAMEWORKS_DIR)",
				);
				GCC_PRECOMPILE_PREFIX_HEADER = YES;
				GCC_PREFIX_HEADER = "THDottedKeyValueLabelExample/THDottedKeyValueLabelExample-Prefix.pch";
				INFOPLIST_FILE = "THDottedKeyValueLabelExampleTests/THDottedKeyValueLabelExampleTests-Info.plist";
				PRODUCT_NAME = "$(TARGET_NAME)";
				TEST_HOST = "$(BUNDLE_LOADER)";
				WRAPPER_EXTENSION = xctest;
			};
			name = Release;
		};
/* End XCBuildConfiguration section */

/* Begin XCConfigurationList section */
		9918742119A204D0007F3739 /* Build configuration list for PBXProject "THDottedKeyValueLabelExample" */ = {
			isa = XCConfigurationList;
			buildConfigurations = (
				9918745619A204D0007F3739 /* Debug */,
				9918745719A204D0007F3739 /* Release */,
			);
			defaultConfigurationIsVisible = 0;
			defaultConfigurationName = Release;
		};
		9918745819A204D0007F3739 /* Build configuration list for PBXNativeTarget "THDottedKeyValueLabelExample" */ = {
			isa = XCConfigurationList;
			buildConfigurations = (
				9918745919A204D0007F3739 /* Debug */,
				9918745A19A204D0007F3739 /* Release */,
			);
			defaultConfigurationIsVisible = 0;
		};
		9918745B19A204D0007F3739 /* Build configuration list for PBXNativeTarget "THDottedKeyValueLabelExampleTests" */ = {
			isa = XCConfigurationList;
			buildConfigurations = (
				9918745C19A204D0007F3739 /* Debug */,
				9918745D19A204D0007F3739 /* Release */,
			);
			defaultConfigurationIsVisible = 0;
		};
/* End XCConfigurationList section */
	};
	rootObject = 9918741E19A204D0007F3739 /* Project object */;
}
